
Microsoft Visual Studio Solution File, Format Version 12.00
# Visual Studio Version 17
VisualStudioVersion = 17.14.36511.14 d17.14
MinimumVisualStudioVersion = 10.0.40219.1
Project("{FAE04EC0-301F-11D3-BF4B-00C04F79EFBC}") = "Homework1ASP", "Homework1ASP\Homework1ASP.csproj", "{563FB3C9-24E2-47A1-8C1B-71ACB97DF2EE}"
EndProject
Global
	GlobalSection(SolutionConfigurationPlatforms) = preSolution
		Debug|Any CPU = Debug|Any CPU
		Release|Any CPU = Release|Any CPU
	EndGlobalSection
	GlobalSection(ProjectConfigurationPlatforms) = postSolution
		{563FB3C9-24E2-47A1-8C1B-71ACB97DF2EE}.Debug|Any CPU.ActiveCfg = Debug|Any CPU
		{563FB3C9-24E2-47A1-8C1B-71ACB97DF2EE}.Debug|Any CPU.Build.0 = Debug|Any CPU
		{563FB3C9-24E2-47A1-8C1B-71ACB97DF2EE}.Release|Any CPU.ActiveCfg = Release|Any CPU
		{563FB3C9-24E2-47A1-8C1B-71ACB97DF2EE}.Release|Any CPU.Build.0 = Release|Any CPU
	EndGlobalSection
	GlobalSection(SolutionProperties) = preSolution
		HideSolutionNode = FALSE
	EndGlobalSection
	GlobalSection(ExtensibilityGlobals) = postSolution
		SolutionGuid = {6642989B-9006-472D-BEC9-A1F7F84AB0B0}
	EndGlobalSection
EndGlobal
